Microsoft Visual Studio Solution File, Format Version 12.00
# Visual Studio Version 17
VisualStudioVersion = 17.4.33122.133
MinimumVisualStudioVersion = 10.0.40219.1
Project("{9A19103F-16F7-4668-BE54-9A1E7A4F7556}") = "MedioClinic", "MedioClinic\MedioClinic.csproj", "{FD3D80CE-FC24-4C4B-8511-6F47101FD644}"
EndProject
Global
	GlobalSection(SolutionConfigurationPlatforms) = preSolution
		Debug|Any CPU = Debug|Any CPU
		Debug|x64 = Debug|x64
		Debug|x86 = Debug|x86
		Release|Any CPU = Release|Any CPU
		Release|x64 = Release|x64
		Release|x86 = Release|x86
	EndGlobalSection
	GlobalSection(ProjectConfigurationPlatforms) = postSolution
		{FD3D80CE-FC24-4C4B-8511-6F47101FD644}.Debug|Any CPU.ActiveCfg = Debug|Any CPU
		{FD3D80CE-FC24-4C4B-8511-6F47101FD644}.Debug|Any CPU.Build.0 = Debug|Any CPU
		{FD3D80CE-FC24-4C4B-8511-6F47101FD644}.Debug|x64.ActiveCfg = Debug|Any CPU
		{FD3D80CE-FC24-4C4B-8511-6F47101FD644}.Debug|x64.Build.0 = Debug|Any CPU
		{FD3D80CE-FC24-4C4B-8511-6F47101FD644}.Debug|x86.ActiveCfg = Debug|Any CPU
		{FD3D80CE-FC24-4C4B-8511-6F47101FD644}.Debug|x86.Build.0 = Debug|Any CPU
		{FD3D80CE-FC24-4C4B-8511-6F47101FD644}.Release|Any CPU.ActiveCfg = Release|Any CPU
		{FD3D80CE-FC24-4C4B-8511-6F47101FD644}.Release|Any CPU.Build.0 = Release|Any CPU
		{FD3D80CE-FC24-4C4B-8511-6F47101FD644}.Release|x64.ActiveCfg = Release|Any CPU
		{FD3D80CE-FC24-4C4B-8511-6F47101FD644}.Release|x64.Build.0 = Release|Any CPU
		{FD3D80CE-FC24-4C4B-8511-6F47101FD644}.Release|x86.ActiveCfg = Release|Any CPU
		{FD3D80CE-FC24-4C4B-8511-6F47101FD644}.Release|x86.Build.0 = Release|Any CPU
	EndGlobalSection
	GlobalSection(SolutionProperties) = preSolution
		HideSolutionNode = FALSE
	EndGlobalSection
	GlobalSection(ExtensibilityGlobals) = postSolution
		SolutionGuid = {B8D37EF0-9476-4AB7-96D3-BCC78EB94658}
	EndGlobalSection
EndGlobal
